// !$*UTF8*$!
{
	archiveVersion = 1;
	classes = {
	};
	objectVersion = 77;
	objects = {

/* Begin PBXBuildFile section */
		D67E15C52CC92F0000B79AB5 /* KeychainSwift in Frameworks */ = {isa = PBXBuildFile; productRef = D67E15C42CC92F0000B79AB5 /* KeychainSwift */; };
		D6AE56382CCEB17B00D83D94 /* ApiSessionMock.swift in Sources */ = {isa = PBXBuildFile; fileRef = D6AE56372CCEB17B00D83D94 /* ApiSessionMock.swift */; };
		D6AE563A2CCEB4E400D83D94 /* LoginUseCaseTests.swift in Sources */ = {isa = PBXBuildFile; fileRef = D6AE56392CCEB4E400D83D94 /* LoginUseCaseTests.swift */; };
		D6AE563C2CCEBAE600D83D94 /* DataMock.swift in Sources */ = {isa = PBXBuildFile; fileRef = D6AE563B2CCEBAE600D83D94 /* DataMock.swift */; };
		D6AE563E2CCEBB5400D83D94 /* Characters.json in Resources */ = {isa = PBXBuildFile; fileRef = D6AE563D2CCEBB5400D83D94 /* Characters.json */; };
		D6AE56402CCEBC1100D83D94 /* Transformations.json in Resources */ = {isa = PBXBuildFile; fileRef = D6AE563F2CCEBC0B00D83D94 /* Transformations.json */; };
		D6AE56422CCEBC3B00D83D94 /* Locations.json in Resources */ = {isa = PBXBuildFile; fileRef = D6AE56412CCEBC3400D83D94 /* Locations.json */; };
		D6AE56D32CCEBD8800D83D94 /* GetAllCharactersUseCaseTests.swift in Sources */ = {isa = PBXBuildFile; fileRef = D6AE56D22CCEBD8800D83D94 /* GetAllCharactersUseCaseTests.swift */; };
		D6AE56D52CCEC9B700D83D94 /* GetCharacterTransformationsUseCaseTests.swift in Sources */ = {isa = PBXBuildFile; fileRef = D6AE56D42CCEC9B700D83D94 /* GetCharacterTransformationsUseCaseTests.swift */; };
		D6AE56D72CCED33600D83D94 /* GetCharacterLocationsUseCaseTests.swift in Sources */ = {isa = PBXBuildFile; fileRef = D6AE56D62CCED33600D83D94 /* GetCharacterLocationsUseCaseTests.swift */; };
		D6AE56DD2CCEDB2C00D83D94 /* GetCaracterUseCaseTests.swift in Sources */ = {isa = PBXBuildFile; fileRef = D6AE56DC2CCEDB2C00D83D94 /* GetCaracterUseCaseTests.swift */; };
		D6AE56DF2CCEE0E000D83D94 /* LoginAPIRequestTests.swift in Sources */ = {isa = PBXBuildFile; fileRef = D6AE56DE2CCEE0E000D83D94 /* LoginAPIRequestTests.swift */; };
		D6AE56E22CCEE3FA00D83D94 /* GetCharactersAPIRequestTests.swift in Sources */ = {isa = PBXBuildFile; fileRef = D6AE56E12CCEE3FA00D83D94 /* GetCharactersAPIRequestTests.swift */; };
		D6AE56E42CCEE88500D83D94 /* GetTransformationsAPIRequestTests.swift in Sources */ = {isa = PBXBuildFile; fileRef = D6AE56E32CCEE88500D83D94 /* GetTransformationsAPIRequestTests.swift */; };
		D6AE56E62CCEE90E00D83D94 /* GetLocationsAPIRequestTests.swift in Sources */ = {isa = PBXBuildFile; fileRef = D6AE56E52CCEE90E00D83D94 /* GetLocationsAPIRequestTests.swift */; };
/* End PBXBuildFile section */

/* Begin PBXContainerItemProxy section */
		D67E14FD2CBEFE5E00B79AB5 /* PBXContainerItemProxy */ = {
			isa = PBXContainerItemProxy;
			containerPortal = D67E14DE2CBEFE5D00B79AB5 /* Project object */;
			proxyType = 1;
			remoteGlobalIDString = D67E14E52CBEFE5D00B79AB5;
			remoteInfo = iOS_Avanzado;
		};
		D67E15072CBEFE5E00B79AB5 /* PBXContainerItemProxy */ = {
			isa = PBXContainerItemProxy;
			containerPortal = D67E14DE2CBEFE5D00B79AB5 /* Project object */;
			proxyType = 1;
			remoteGlobalIDString = D67E14E52CBEFE5D00B79AB5;
			remoteInfo = iOS_Avanzado;
		};
/* End PBXContainerItemProxy section */

/* Begin PBXFileReference section */
		D67E14E62CBEFE5D00B79AB5 /* iOS_Avanzado.app */ = {isa = PBXFileReference; explicitFileType = wrapper.application; includeInIndex = 0; path = iOS_Avanzado.app; sourceTree = BUILT_PRODUCTS_DIR; };
		D67E14FC2CBEFE5E00B79AB5 /* iOS_AvanzadoTests.xctest */ = {isa = PBXFileReference; explicitFileType = wrapper.cfbundle; includeInIndex = 0; path = iOS_AvanzadoTests.xctest; sourceTree = BUILT_PRODUCTS_DIR; };
		D67E15062CBEFE5E00B79AB5 /* iOS_AvanzadoUITests.xctest */ = {isa = PBXFileReference; explicitFileType = wrapper.cfbundle; includeInIndex = 0; path = iOS_AvanzadoUITests.xctest; sourceTree = BUILT_PRODUCTS_DIR; };
		D6AE56372CCEB17B00D83D94 /* ApiSessionMock.swift */ = {isa = PBXFileReference; lastKnownFileType = sourcecode.swift; path = ApiSessionMock.swift; sourceTree = "<group>"; };
		D6AE56392CCEB4E400D83D94 /* LoginUseCaseTests.swift */ = {isa = PBXFileReference; lastKnownFileType = sourcecode.swift; path = LoginUseCaseTests.swift; sourceTree = "<group>"; };
		D6AE563B2CCEBAE600D83D94 /* DataMock.swift */ = {isa = PBXFileReference; lastKnownFileType = sourcecode.swift; path = DataMock.swift; sourceTree = "<group>"; };
		D6AE563D2CCEBB5400D83D94 /* Characters.json */ = {isa = PBXFileReference; lastKnownFileType = text.json; path = Characters.json; sourceTree = "<group>"; };
		D6AE563F2CCEBC0B00D83D94 /* Transformations.json */ = {isa = PBXFileReference; lastKnownFileType = text.json; path = Transformations.json; sourceTree = "<group>"; };
		D6AE56412CCEBC3400D83D94 /* Locations.json */ = {isa = PBXFileReference; lastKnownFileType = text.json; path = Locations.json; sourceTree = "<group>"; };
		D6AE56D22CCEBD8800D83D94 /* GetAllCharactersUseCaseTests.swift */ = {isa = PBXFileReference; lastKnownFileType = sourcecode.swift; path = GetAllCharactersUseCaseTests.swift; sourceTree = "<group>"; };
		D6AE56D42CCEC9B700D83D94 /* GetCharacterTransformationsUseCaseTests.swift */ = {isa = PBXFileReference; lastKnownFileType = sourcecode.swift; path = GetCharacterTransformationsUseCaseTests.swift; sourceTree = "<group>"; };
		D6AE56D62CCED33600D83D94 /* GetCharacterLocationsUseCaseTests.swift */ = {isa = PBXFileReference; lastKnownFileType = sourcecode.swift; path = GetCharacterLocationsUseCaseTests.swift; sourceTree = "<group>"; };
		D6AE56DC2CCEDB2C00D83D94 /* GetCaracterUseCaseTests.swift */ = {isa = PBXFileReference; lastKnownFileType = sourcecode.swift; path = GetCaracterUseCaseTests.swift; sourceTree = "<group>"; };
		D6AE56DE2CCEE0E000D83D94 /* LoginAPIRequestTests.swift */ = {isa = PBXFileReference; lastKnownFileType = sourcecode.swift; path = LoginAPIRequestTests.swift; sourceTree = "<group>"; };
		D6AE56E12CCEE3FA00D83D94 /* GetCharactersAPIRequestTests.swift */ = {isa = PBXFileReference; lastKnownFileType = sourcecode.swift; path = GetCharactersAPIRequestTests.swift; sourceTree = "<group>"; };
		D6AE56E32CCEE88500D83D94 /* GetTransformationsAPIRequestTests.swift */ = {isa = PBXFileReference; lastKnownFileType = sourcecode.swift; path = GetTransformationsAPIRequestTests.swift; sourceTree = "<group>"; };
		D6AE56E52CCEE90E00D83D94 /* GetLocationsAPIRequestTests.swift */ = {isa = PBXFileReference; lastKnownFileType = sourcecode.swift; path = GetLocationsAPIRequestTests.swift; sourceTree = "<group>"; };
/* End PBXFileReference section */

/* Begin PBXFileSystemSynchronizedBuildFileExceptionSet section */
		D67E150E2CBEFE5E00B79AB5 /* Exceptions for "iOS_Avanzado" folder in "iOS_Avanzado" target */ = {
			isa = PBXFileSystemSynchronizedBuildFileExceptionSet;
			membershipExceptions = (
				"Supporting Files/Info.plist",
			);
			target = D67E14E52CBEFE5D00B79AB5 /* iOS_Avanzado */;
		};
/* End PBXFileSystemSynchronizedBuildFileExceptionSet section */

/* Begin PBXFileSystemSynchronizedRootGroup section */
		D67E14E82CBEFE5D00B79AB5 /* iOS_Avanzado */ = {
			isa = PBXFileSystemSynchronizedRootGroup;
			exceptions = (
				D67E150E2CBEFE5E00B79AB5 /* Exceptions for "iOS_Avanzado" folder in "iOS_Avanzado" target */,
			);
			path = iOS_Avanzado;
			sourceTree = "<group>";
		};
		D67E15092CBEFE5E00B79AB5 /* iOS_AvanzadoUITests */ = {
			isa = PBXFileSystemSynchronizedRootGroup;
			path = iOS_AvanzadoUITests;
			sourceTree = "<group>";
		};
/* End PBXFileSystemSynchronizedRootGroup section */

/* Begin PBXFrameworksBuildPhase section */
		D67E14E32CBEFE5D00B79AB5 /* Frameworks */ = {
			isa = PBXFrameworksBuildPhase;
			buildActionMask = 2147483647;
			files = (
				D67E15C52CC92F0000B79AB5 /* KeychainSwift in Frameworks */,
			);
			runOnlyForDeploymentPostprocessing = 0;
		};
		D67E14F92CBEFE5E00B79AB5 /* Frameworks */ = {
			isa = PBXFrameworksBuildPhase;
			buildActionMask = 2147483647;
			files = (
			);
			runOnlyForDeploymentPostprocessing = 0;
		};
		D67E15032CBEFE5E00B79AB5 /* Frameworks */ = {
			isa = PBXFrameworksBuildPhase;
			buildActionMask = 2147483647;
			files = (
			);
			runOnlyForDeploymentPostprocessing = 0;
		};
/* End PBXFrameworksBuildPhase section */

/* Begin PBXGroup section */
		D67E14DD2CBEFE5D00B79AB5 = {
			isa = PBXGroup;
			children = (
				D67E14E82CBEFE5D00B79AB5 /* iOS_Avanzado */,
				D6AE56312CCEB09300D83D94 /* iOS_AvanzadoTests */,
				D67E15092CBEFE5E00B79AB5 /* iOS_AvanzadoUITests */,
				D67E14E72CBEFE5D00B79AB5 /* Products */,
			);
			sourceTree = "<group>";
		};
		D67E14E72CBEFE5D00B79AB5 /* Products */ = {
			isa = PBXGroup;
			children = (
				D67E14E62CBEFE5D00B79AB5 /* iOS_Avanzado.app */,
				D67E14FC2CBEFE5E00B79AB5 /* iOS_AvanzadoTests.xctest */,
				D67E15062CBEFE5E00B79AB5 /* iOS_AvanzadoUITests.xctest */,
			);
			name = Products;
			sourceTree = "<group>";
		};
		D6AE562D2CCEB09300D83D94 /* Data */ = {
			isa = PBXGroup;
			children = (
				D6AE56DE2CCEE0E000D83D94 /* LoginAPIRequestTests.swift */,
				D6AE56E12CCEE3FA00D83D94 /* GetCharactersAPIRequestTests.swift */,
				D6AE56E32CCEE88500D83D94 /* GetTransformationsAPIRequestTests.swift */,
				D6AE56E52CCEE90E00D83D94 /* GetLocationsAPIRequestTests.swift */,
			);
			path = Data;
			sourceTree = "<group>";
		};
		D6AE562E2CCEB09300D83D94 /* Domain */ = {
			isa = PBXGroup;
			children = (
				D6AE56392CCEB4E400D83D94 /* LoginUseCaseTests.swift */,
				D6AE56D22CCEBD8800D83D94 /* GetAllCharactersUseCaseTests.swift */,
				D6AE56D42CCEC9B700D83D94 /* GetCharacterTransformationsUseCaseTests.swift */,
				D6AE56D62CCED33600D83D94 /* GetCharacterLocationsUseCaseTests.swift */,
				D6AE56DC2CCEDB2C00D83D94 /* GetCaracterUseCaseTests.swift */,
			);
			path = Domain;
			sourceTree = "<group>";
		};
		D6AE562F2CCEB09300D83D94 /* Mocks */ = {
			isa = PBXGroup;
			children = (
				D6AE56412CCEBC3400D83D94 /* Locations.json */,
				D6AE563F2CCEBC0B00D83D94 /* Transformations.json */,
				D6AE563D2CCEBB5400D83D94 /* Characters.json */,
				D6AE56372CCEB17B00D83D94 /* ApiSessionMock.swift */,
				D6AE563B2CCEBAE600D83D94 /* DataMock.swift */,
			);
			path = Mocks;
			sourceTree = "<group>";
		};
		D6AE56302CCEB09300D83D94 /* Presentation */ = {
			isa = PBXGroup;
			children = (
			);
			path = Presentation;
			sourceTree = "<group>";
		};
		D6AE56312CCEB09300D83D94 /* iOS_AvanzadoTests */ = {
			isa = PBXGroup;
			children = (
				D6AE562F2CCEB09300D83D94 /* Mocks */,
				D6AE562D2CCEB09300D83D94 /* Data */,
				D6AE562E2CCEB09300D83D94 /* Domain */,
				D6AE56302CCEB09300D83D94 /* Presentation */,
			);
			path = iOS_AvanzadoTests;
			sourceTree = "<group>";
		};
/* End PBXGroup section */

/* Begin PBXNativeTarget section */
		D67E14E52CBEFE5D00B79AB5 /* iOS_Avanzado */ = {
			isa = PBXNativeTarget;
			buildConfigurationList = D67E150F2CBEFE5E00B79AB5 /* Build configuration list for PBXNativeTarget "iOS_Avanzado" */;
			buildPhases = (
				D67E14E22CBEFE5D00B79AB5 /* Sources */,
				D67E14E32CBEFE5D00B79AB5 /* Frameworks */,
				D67E14E42CBEFE5D00B79AB5 /* Resources */,
			);
			buildRules = (
			);
			dependencies = (
			);
			fileSystemSynchronizedGroups = (
				D67E14E82CBEFE5D00B79AB5 /* iOS_Avanzado */,
			);
			name = iOS_Avanzado;
			packageProductDependencies = (
				D67E15C42CC92F0000B79AB5 /* KeychainSwift */,
			);
			productName = iOS_Avanzado;
			productReference = D67E14E62CBEFE5D00B79AB5 /* iOS_Avanzado.app */;
			productType = "com.apple.product-type.application";
		};
		D67E14FB2CBEFE5E00B79AB5 /* iOS_AvanzadoTests */ = {
			isa = PBXNativeTarget;
			buildConfigurationList = D67E15142CBEFE5E00B79AB5 /* Build configuration list for PBXNativeTarget "iOS_AvanzadoTests" */;
			buildPhases = (
				D67E14F82CBEFE5E00B79AB5 /* Sources */,
				D67E14F92CBEFE5E00B79AB5 /* Frameworks */,
				D67E14FA2CBEFE5E00B79AB5 /* Resources */,
			);
			buildRules = (
			);
			dependencies = (
				D67E14FE2CBEFE5E00B79AB5 /* PBXTargetDependency */,
			);
			name = iOS_AvanzadoTests;
			packageProductDependencies = (
			);
			productName = iOS_AvanzadoTests;
			productReference = D67E14FC2CBEFE5E00B79AB5 /* iOS_AvanzadoTests.xctest */;
			productType = "com.apple.product-type.bundle.unit-test";
		};
		D67E15052CBEFE5E00B79AB5 /* iOS_AvanzadoUITests */ = {
			isa = PBXNativeTarget;
			buildConfigurationList = D67E15172CBEFE5E00B79AB5 /* Build configuration list for PBXNativeTarget "iOS_AvanzadoUITests" */;
			buildPhases = (
				D67E15022CBEFE5E00B79AB5 /* Sources */,
				D67E15032CBEFE5E00B79AB5 /* Frameworks */,
				D67E15042CBEFE5E00B79AB5 /* Resources */,
			);
			buildRules = (
			);
			dependencies = (
				D67E15082CBEFE5E00B79AB5 /* PBXTargetDependency */,
			);
			fileSystemSynchronizedGroups = (
				D67E15092CBEFE5E00B79AB5 /* iOS_AvanzadoUITests */,
			);
			name = iOS_AvanzadoUITests;
			packageProductDependencies = (
			);
			productName = iOS_AvanzadoUITests;
			productReference = D67E15062CBEFE5E00B79AB5 /* iOS_AvanzadoUITests.xctest */;
			productType = "com.apple.product-type.bundle.ui-testing";
		};
/* End PBXNativeTarget section */

/* Begin PBXProject section */
		D67E14DE2CBEFE5D00B79AB5 /* Project object */ = {
			isa = PBXProject;
			attributes = {
				BuildIndependentTargetsInParallel = 1;
				LastSwiftUpdateCheck = 1600;
				LastUpgradeCheck = 1600;
				TargetAttributes = {
					D67E14E52CBEFE5D00B79AB5 = {
						CreatedOnToolsVersion = 16.0;
					};
					D67E14FB2CBEFE5E00B79AB5 = {
						CreatedOnToolsVersion = 16.0;
						LastSwiftMigration = 1600;
						TestTargetID = D67E14E52CBEFE5D00B79AB5;
					};
					D67E15052CBEFE5E00B79AB5 = {
						CreatedOnToolsVersion = 16.0;
						TestTargetID = D67E14E52CBEFE5D00B79AB5;
					};
				};
			};
			buildConfigurationList = D67E14E12CBEFE5D00B79AB5 /* Build configuration list for PBXProject "iOS_Avanzado" */;
			developmentRegion = en;
			hasScannedForEncodings = 0;
			knownRegions = (
				en,
				Base,
			);
			mainGroup = D67E14DD2CBEFE5D00B79AB5;
			minimizedProjectReferenceProxies = 1;
			packageReferences = (
				D67E15C32CC92F0000B79AB5 /* XCRemoteSwiftPackageReference "keychain-swift" */,
			);
			preferredProjectObjectVersion = 77;
			productRefGroup = D67E14E72CBEFE5D00B79AB5 /* Products */;
			projectDirPath = "";
			projectRoot = "";
			targets = (
				D67E14E52CBEFE5D00B79AB5 /* iOS_Avanzado */,
				D67E14FB2CBEFE5E00B79AB5 /* iOS_AvanzadoTests */,
				D67E15052CBEFE5E00B79AB5 /* iOS_AvanzadoUITests */,
			);
		};
/* End PBXProject section */

/* Begin PBXResourcesBuildPhase section */
		D67E14E42CBEFE5D00B79AB5 /* Resources */ = {
			isa = PBXResourcesBuildPhase;
			buildActionMask = 2147483647;
			files = (
			);
			runOnlyForDeploymentPostprocessing = 0;
		};
		D67E14FA2CBEFE5E00B79AB5 /* Resources */ = {
			isa = PBXResourcesBuildPhase;
			buildActionMask = 2147483647;
			files = (
				D6AE56402CCEBC1100D83D94 /* Transformations.json in Resources */,
				D6AE563E2CCEBB5400D83D94 /* Characters.json in Resources */,
				D6AE56422CCEBC3B00D83D94 /* Locations.json in Resources */,
			);
			runOnlyForDeploymentPostprocessing = 0;
		};
		D67E15042CBEFE5E00B79AB5 /* Resources */ = {
			isa = PBXResourcesBuildPhase;
			buildActionMask = 2147483647;
			files = (
			);
			runOnlyForDeploymentPostprocessing = 0;
		};
/* End PBXResourcesBuildPhase section */

/* Begin PBXSourcesBuildPhase section */
		D67E14E22CBEFE5D00B79AB5 /* Sources */ = {
			isa = PBXSourcesBuildPhase;
			buildActionMask = 2147483647;
			files = (
			);
			runOnlyForDeploymentPostprocessing = 0;
		};
		D67E14F82CBEFE5E00B79AB5 /* Sources */ = {
			isa = PBXSourcesBuildPhase;
			buildActionMask = 2147483647;
			files = (
				D6AE56DD2CCEDB2C00D83D94 /* GetCaracterUseCaseTests.swift in Sources */,
				D6AE56382CCEB17B00D83D94 /* ApiSessionMock.swift in Sources */,
				D6AE56D52CCEC9B700D83D94 /* GetCharacterTransformationsUseCaseTests.swift in Sources */,
				D6AE56E22CCEE3FA00D83D94 /* GetCharactersAPIRequestTests.swift in Sources */,
				D6AE56E42CCEE88500D83D94 /* GetTransformationsAPIRequestTests.swift in Sources */,
				D6AE563A2CCEB4E400D83D94 /* LoginUseCaseTests.swift in Sources */,
				D6AE56DF2CCEE0E000D83D94 /* LoginAPIRequestTests.swift in Sources */,
				D6AE56E62CCEE90E00D83D94 /* GetLocationsAPIRequestTests.swift in Sources */,
				D6AE56D32CCEBD8800D83D94 /* GetAllCharactersUseCaseTests.swift in Sources */,
				D6AE563C2CCEBAE600D83D94 /* DataMock.swift in Sources */,
				D6AE56D72CCED33600D83D94 /* GetCharacterLocationsUseCaseTests.swift in Sources */,
			);
			runOnlyForDeploymentPostprocessing = 0;
		};
		D67E15022CBEFE5E00B79AB5 /* Sources */ = {
			isa = PBXSourcesBuildPhase;
			buildActionMask = 2147483647;
			files = (
			);
			runOnlyForDeploymentPostprocessing = 0;
		};
/* End PBXSourcesBuildPhase section */

/* Begin PBXTargetDependency section */
		D67E14FE2CBEFE5E00B79AB5 /* PBXTargetDependency */ = {
			isa = PBXTargetDependency;
			target = D67E14E52CBEFE5D00B79AB5 /* iOS_Avanzado */;
			targetProxy = D67E14FD2CBEFE5E00B79AB5 /* PBXContainerItemProxy */;
		};
		D67E15082CBEFE5E00B79AB5 /* PBXTargetDependency */ = {
			isa = PBXTargetDependency;
			target = D67E14E52CBEFE5D00B79AB5 /* iOS_Avanzado */;
			targetProxy = D67E15072CBEFE5E00B79AB5 /* PBXContainerItemProxy */;
		};
/* End PBXTargetDependency section */

/* Begin XCBuildConfiguration section */
		D67E15102CBEFE5E00B79AB5 /* Debug */ = {
			isa = XCBuildConfiguration;
			buildSettings = {
				ASSETCATALOG_COMPILER_APPICON_NAME = AppIcon;
				ASSETCATALOG_COMPILER_GLOBAL_ACCENT_COLOR_NAME = AccentColor;
				CODE_SIGN_STYLE = Automatic;
				CURRENT_PROJECT_VERSION = 1;
				DEVELOPMENT_TEAM = 6PFU32ZGFM;
				GENERATE_INFOPLIST_FILE = YES;
				INFOPLIST_FILE = "iOS_Avanzado/Supporting Files/Info.plist";
				INFOPLIST_KEY_NSLocationWhenInUseUsageDescription = "Se requiere permitir la localización del dispositivo para poder mostrarla en el mapa";
				INFOPLIST_KEY_UIApplicationSupportsIndirectInputEvents = YES;
				INFOPLIST_KEY_UILaunchStoryboardName = LaunchScreen;
				INFOPLIST_KEY_UISupportedInterfaceOrientations_iPad = "UIInterfaceOrientationPortrait UIInterfaceOrientationPortraitUpsideDown UIInterfaceOrientationLandscapeLeft UIInterfaceOrientationLandscapeRight";
				INFOPLIST_KEY_UISupportedInterfaceOrientations_iPhone = "UIInterfaceOrientationPortrait UIInterfaceOrientationLandscapeLeft UIInterfaceOrientationLandscapeRight";
				IPHONEOS_DEPLOYMENT_TARGET = 17.0;
				LD_RUNPATH_SEARCH_PATHS = (
					"$(inherited)",
					"@executable_path/Frameworks",
				);
				MARKETING_VERSION = 1.0;
				PRODUCT_BUNDLE_IDENTIFIER = "com.aroaborealus.iOS-Avanzado";
				PRODUCT_NAME = "$(TARGET_NAME)";
				SUPPORTED_PLATFORMS = "iphoneos iphonesimulator";
				SUPPORTS_MACCATALYST = NO;
				SUPPORTS_MAC_DESIGNED_FOR_IPHONE_IPAD = NO;
				SUPPORTS_XR_DESIGNED_FOR_IPHONE_IPAD = NO;
				SWIFT_EMIT_LOC_STRINGS = YES;
				SWIFT_VERSION = 5.0;
				TARGETED_DEVICE_FAMILY = "1,2";
			};
			name = Debug;
		};
		D67E15112CBEFE5E00B79AB5 /* Release */ = {
			isa = XCBuildConfiguration;
			buildSettings = {
				ASSETCATALOG_COMPILER_APPICON_NAME = AppIcon;
				ASSETCATALOG_COMPILER_GLOBAL_ACCENT_COLOR_NAME = AccentColor;
				CODE_SIGN_STYLE = Automatic;
				CURRENT_PROJECT_VERSION = 1;
				DEVELOPMENT_TEAM = 6PFU32ZGFM;
				GENERATE_INFOPLIST_FILE = YES;
				INFOPLIST_FILE = "iOS_Avanzado/Supporting Files/Info.plist";
				INFOPLIST_KEY_NSLocationWhenInUseUsageDescription = "Se requiere permitir la localización del dispositivo para poder mostrarla en el mapa";
				INFOPLIST_KEY_UIApplicationSupportsIndirectInputEvents = YES;
				INFOPLIST_KEY_UILaunchStoryboardName = LaunchScreen;
				INFOPLIST_KEY_UISupportedInterfaceOrientations_iPad = "UIInterfaceOrientationPortrait UIInterfaceOrientationPortraitUpsideDown UIInterfaceOrientationLandscapeLeft UIInterfaceOrientationLandscapeRight";
				INFOPLIST_KEY_UISupportedInterfaceOrientations_iPhone = "UIInterfaceOrientationPortrait UIInterfaceOrientationLandscapeLeft UIInterfaceOrientationLandscapeRight";
				IPHONEOS_DEPLOYMENT_TARGET = 17.0;
				LD_RUNPATH_SEARCH_PATHS = (
					"$(inherited)",
					"@executable_path/Frameworks",
				);
				MARKETING_VERSION = 1.0;
				PRODUCT_BUNDLE_IDENTIFIER = "com.aroaborealus.iOS-Avanzado";
				PRODUCT_NAME = "$(TARGET_NAME)";
				SUPPORTED_PLATFORMS = "iphoneos iphonesimulator";
				SUPPORTS_MACCATALYST = NO;
				SUPPORTS_MAC_DESIGNED_FOR_IPHONE_IPAD = NO;
				SUPPORTS_XR_DESIGNED_FOR_IPHONE_IPAD = NO;
				SWIFT_EMIT_LOC_STRINGS = YES;
				SWIFT_VERSION = 5.0;
				TARGETED_DEVICE_FAMILY = "1,2";
			};
			name = Release;
		};
		D67E15122CBEFE5E00B79AB5 /* Debug */ = {
			isa = XCBuildConfiguration;
			buildSettings = {
				ALWAYS_SEARCH_USER_PATHS = NO;
				ASSETCATALOG_COMPILER_GENERATE_SWIFT_ASSET_SYMBOL_EXTENSIONS = YES;
				CLANG_ANALYZER_NONNULL = YES;
				CLANG_ANALYZER_NUMBER_OBJECT_CONVERSION = YES_AGGRESSIVE;
				CLANG_CXX_LANGUAGE_STANDARD = "gnu++20";
				CLANG_ENABLE_MODULES = YES;
				CLANG_ENABLE_OBJC_ARC = YES;
				CLANG_ENABLE_OBJC_WEAK = YES;
				CLANG_WARN_BLOCK_CAPTURE_AUTORELEASING = YES;
				CLANG_WARN_BOOL_CONVERSION = YES;
				CLANG_WARN_COMMA = YES;
				CLANG_WARN_CONSTANT_CONVERSION = YES;
				CLANG_WARN_DEPRECATED_OBJC_IMPLEMENTATIONS = YES;
				CLANG_WARN_DIRECT_OBJC_ISA_USAGE = YES_ERROR;
				CLANG_WARN_DOCUMENTATION_COMMENTS = YES;
				CLANG_WARN_EMPTY_BODY = YES;
				CLANG_WARN_ENUM_CONVERSION = YES;
				CLANG_WARN_INFINITE_RECURSION = YES;
				CLANG_WARN_INT_CONVERSION = YES;
				CLANG_WARN_NON_LITERAL_NULL_CONVERSION = YES;
				CLANG_WARN_OBJC_IMPLICIT_RETAIN_SELF = YES;
				CLANG_WARN_OBJC_LITERAL_CONVERSION = YES;
				CLANG_WARN_OBJC_ROOT_CLASS = YES_ERROR;
				CLANG_WARN_QUOTED_INCLUDE_IN_FRAMEWORK_HEADER = YES;
				CLANG_WARN_RANGE_LOOP_ANALYSIS = YES;
				CLANG_WARN_STRICT_PROTOTYPES = YES;
				CLANG_WARN_SUSPICIOUS_MOVE = YES;
				CLANG_WARN_UNGUARDED_AVAILABILITY = YES_AGGRESSIVE;
				CLANG_WARN_UNREACHABLE_CODE = YES;
				CLANG_WARN__DUPLICATE_METHOD_MATCH = YES;
				COPY_PHASE_STRIP = NO;
				DEBUG_INFORMATION_FORMAT = dwarf;
				ENABLE_STRICT_OBJC_MSGSEND = YES;
				ENABLE_TESTABILITY = YES;
				ENABLE_USER_SCRIPT_SANDBOXING = YES;
				GCC_C_LANGUAGE_STANDARD = gnu17;
				GCC_DYNAMIC_NO_PIC = NO;
				GCC_NO_COMMON_BLOCKS = YES;
				GCC_OPTIMIZATION_LEVEL = 0;
				GCC_PREPROCESSOR_DEFINITIONS = (
					"DEBUG=1",
					"$(inherited)",
				);
				GCC_WARN_64_TO_32_BIT_CONVERSION = YES;
				GCC_WARN_ABOUT_RETURN_TYPE = YES_ERROR;
				GCC_WARN_UNDECLARED_SELECTOR = YES;
				GCC_WARN_UNINITIALIZED_AUTOS = YES_AGGRESSIVE;
				GCC_WARN_UNUSED_FUNCTION = YES;
				GCC_WARN_UNUSED_VARIABLE = YES;
				IPHONEOS_DEPLOYMENT_TARGET = 18.0;
				LOCALIZATION_PREFERS_STRING_CATALOGS = YES;
				MTL_ENABLE_DEBUG_INFO = INCLUDE_SOURCE;
				MTL_FAST_MATH = YES;
				ONLY_ACTIVE_ARCH = YES;
				SDKROOT = iphoneos;
				SWIFT_ACTIVE_COMPILATION_CONDITIONS = "DEBUG $(inherited)";
				SWIFT_OPTIMIZATION_LEVEL = "-Onone";
			};
			name = Debug;
		};
		D67E15132CBEFE5E00B79AB5 /* Release */ = {
			isa = XCBuildConfiguration;
			buildSettings = {
				ALWAYS_SEARCH_USER_PATHS = NO;
				ASSETCATALOG_COMPILER_GENERATE_SWIFT_ASSET_SYMBOL_EXTENSIONS = YES;
				CLANG_ANALYZER_NONNULL = YES;
				CLANG_ANALYZER_NUMBER_OBJECT_CONVERSION = YES_AGGRESSIVE;
				CLANG_CXX_LANGUAGE_STANDARD = "gnu++20";
				CLANG_ENABLE_MODULES = YES;
				CLANG_ENABLE_OBJC_ARC = YES;
				CLANG_ENABLE_OBJC_WEAK = YES;
				CLANG_WARN_BLOCK_CAPTURE_AUTORELEASING = YES;
				CLANG_WARN_BOOL_CONVERSION = YES;
				CLANG_WARN_COMMA = YES;
				CLANG_WARN_CONSTANT_CONVERSION = YES;
				CLANG_WARN_DEPRECATED_OBJC_IMPLEMENTATIONS = YES;
				CLANG_WARN_DIRECT_OBJC_ISA_USAGE = YES_ERROR;
				CLANG_WARN_DOCUMENTATION_COMMENTS = YES;
				CLANG_WARN_EMPTY_BODY = YES;
				CLANG_WARN_ENUM_CONVERSION = YES;
				CLANG_WARN_INFINITE_RECURSION = YES;
				CLANG_WARN_INT_CONVERSION = YES;
				CLANG_WARN_NON_LITERAL_NULL_CONVERSION = YES;
				CLANG_WARN_OBJC_IMPLICIT_RETAIN_SELF = YES;
				CLANG_WARN_OBJC_LITERAL_CONVERSION = YES;
				CLANG_WARN_OBJC_ROOT_CLASS = YES_ERROR;
				CLANG_WARN_QUOTED_INCLUDE_IN_FRAMEWORK_HEADER = YES;
				CLANG_WARN_RANGE_LOOP_ANALYSIS = YES;
				CLANG_WARN_STRICT_PROTOTYPES = YES;
				CLANG_WARN_SUSPICIOUS_MOVE = YES;
				CLANG_WARN_UNGUARDED_AVAILABILITY = YES_AGGRESSIVE;
				CLANG_WARN_UNREACHABLE_CODE = YES;
				CLANG_WARN__DUPLICATE_METHOD_MATCH = YES;
				COPY_PHASE_STRIP = NO;
				DEBUG_INFORMATION_FORMAT = "dwarf-with-dsym";
				ENABLE_NS_ASSERTIONS = NO;
				ENABLE_STRICT_OBJC_MSGSEND = YES;
				ENABLE_USER_SCRIPT_SANDBOXING = YES;
				GCC_C_LANGUAGE_STANDARD = gnu17;
				GCC_NO_COMMON_BLOCKS = YES;
				GCC_WARN_64_TO_32_BIT_CONVERSION = YES;
				GCC_WARN_ABOUT_RETURN_TYPE = YES_ERROR;
				GCC_WARN_UNDECLARED_SELECTOR = YES;
				GCC_WARN_UNINITIALIZED_AUTOS = YES_AGGRESSIVE;
				GCC_WARN_UNUSED_FUNCTION = YES;
				GCC_WARN_UNUSED_VARIABLE = YES;
				IPHONEOS_DEPLOYMENT_TARGET = 18.0;
				LOCALIZATION_PREFERS_STRING_CATALOGS = YES;
				MTL_ENABLE_DEBUG_INFO = NO;
				MTL_FAST_MATH = YES;
				SDKROOT = iphoneos;
				SWIFT_COMPILATION_MODE = wholemodule;
				VALIDATE_PRODUCT = YES;
			};
			name = Release;
		};
		D67E15152CBEFE5E00B79AB5 /* Debug */ = {
			isa = XCBuildConfiguration;
			buildSettings = {
				BUNDLE_LOADER = "$(TEST_HOST)";
				CLANG_ENABLE_MODULES = YES;
				CODE_SIGN_STYLE = Automatic;
				CURRENT_PROJECT_VERSION = 1;
				DEVELOPMENT_TEAM = 6PFU32ZGFM;
				GENERATE_INFOPLIST_FILE = YES;
				IPHONEOS_DEPLOYMENT_TARGET = 18.0;
				MARKETING_VERSION = 1.0;
				PRODUCT_BUNDLE_IDENTIFIER = "com.aroaborealus.iOS-AvanzadoTests";
				PRODUCT_NAME = "$(TARGET_NAME)";
				SUPPORTED_PLATFORMS = "iphoneos iphonesimulator";
				SUPPORTS_MACCATALYST = NO;
				SUPPORTS_MAC_DESIGNED_FOR_IPHONE_IPAD = NO;
				SUPPORTS_XR_DESIGNED_FOR_IPHONE_IPAD = NO;
				SWIFT_EMIT_LOC_STRINGS = NO;
				SWIFT_OPTIMIZATION_LEVEL = "-Onone";
				SWIFT_VERSION = 5.0;
				TARGETED_DEVICE_FAMILY = "1,2";
				TEST_HOST = "$(BUILT_PRODUCTS_DIR)/iOS_Avanzado.app/$(BUNDLE_EXECUTABLE_FOLDER_PATH)/iOS_Avanzado";
			};
			name = Debug;
		};
		D67E15162CBEFE5E00B79AB5 /* Release */ = {
			isa = XCBuildConfiguration;
			buildSettings = {
				BUNDLE_LOADER = "$(TEST_HOST)";
				CLANG_ENABLE_MODULES = YES;
				CODE_SIGN_STYLE = Automatic;
				CURRENT_PROJECT_VERSION = 1;
				DEVELOPMENT_TEAM = 6PFU32ZGFM;
				GENERATE_INFOPLIST_FILE = YES;
				IPHONEOS_DEPLOYMENT_TARGET = 18.0;
				MARKETING_VERSION = 1.0;
				PRODUCT_BUNDLE_IDENTIFIER = "com.aroaborealus.iOS-AvanzadoTests";
				PRODUCT_NAME = "$(TARGET_NAME)";
				SUPPORTED_PLATFORMS = "iphoneos iphonesimulator";
				SUPPORTS_MACCATALYST = NO;
				SUPPORTS_MAC_DESIGNED_FOR_IPHONE_IPAD = NO;
				SUPPORTS_XR_DESIGNED_FOR_IPHONE_IPAD = NO;
				SWIFT_EMIT_LOC_STRINGS = NO;
				SWIFT_VERSION = 5.0;
				TARGETED_DEVICE_FAMILY = "1,2";
				TEST_HOST = "$(BUILT_PRODUCTS_DIR)/iOS_Avanzado.app/$(BUNDLE_EXECUTABLE_FOLDER_PATH)/iOS_Avanzado";
			};
			name = Release;
		};
		D67E15182CBEFE5E00B79AB5 /* Debug */ = {
			isa = XCBuildConfiguration;
			buildSettings = {
				CODE_SIGN_STYLE = Automatic;
				CURRENT_PROJECT_VERSION = 1;
				DEVELOPMENT_TEAM = 6PFU32ZGFM;
				GENERATE_INFOPLIST_FILE = YES;
				IPHONEOS_DEPLOYMENT_TARGET = 17.0;
				MARKETING_VERSION = 1.0;
				PRODUCT_BUNDLE_IDENTIFIER = "com.aroaborealus.iOS-AvanzadoUITests";
				PRODUCT_NAME = "$(TARGET_NAME)";
				SUPPORTED_PLATFORMS = "iphoneos iphonesimulator";
				SUPPORTS_MACCATALYST = NO;
				SUPPORTS_MAC_DESIGNED_FOR_IPHONE_IPAD = NO;
				SUPPORTS_XR_DESIGNED_FOR_IPHONE_IPAD = NO;
				SWIFT_EMIT_LOC_STRINGS = NO;
				SWIFT_VERSION = 5.0;
				TARGETED_DEVICE_FAMILY = "1,2";
				TEST_TARGET_NAME = iOS_Avanzado;
			};
			name = Debug;
		};
		D67E15192CBEFE5E00B79AB5 /* Release */ = {
			isa = XCBuildConfiguration;
			buildSettings = {
				CODE_SIGN_STYLE = Automatic;
				CURRENT_PROJECT_VERSION = 1;
				DEVELOPMENT_TEAM = 6PFU32ZGFM;
				GENERATE_INFOPLIST_FILE = YES;
				IPHONEOS_DEPLOYMENT_TARGET = 17.0;
				MARKETING_VERSION = 1.0;
				PRODUCT_BUNDLE_IDENTIFIER = "com.aroaborealus.iOS-AvanzadoUITests";
				PRODUCT_NAME = "$(TARGET_NAME)";
				SUPPORTED_PLATFORMS = "iphoneos iphonesimulator";
				SUPPORTS_MACCATALYST = NO;
				SUPPORTS_MAC_DESIGNED_FOR_IPHONE_IPAD = NO;
				SUPPORTS_XR_DESIGNED_FOR_IPHONE_IPAD = NO;
				SWIFT_EMIT_LOC_STRINGS = NO;
				SWIFT_VERSION = 5.0;
				TARGETED_DEVICE_FAMILY = "1,2";
				TEST_TARGET_NAME = iOS_Avanzado;
			};
			name = Release;
		};
/* End XCBuildConfiguration section */

/* Begin XCConfigurationList section */
		D67E14E12CBEFE5D00B79AB5 /* Build configuration list for PBXProject "iOS_Avanzado" */ = {
			isa = XCConfigurationList;
			buildConfigurations = (
				D67E15122CBEFE5E00B79AB5 /* Debug */,
				D67E15132CBEFE5E00B79AB5 /* Release */,
			);
			defaultConfigurationIsVisible = 0;
			defaultConfigurationName = Release;
		};
		D67E150F2CBEFE5E00B79AB5 /* Build configuration list for PBXNativeTarget "iOS_Avanzado" */ = {
			isa = XCConfigurationList;
			buildConfigurations = (
				D67E15102CBEFE5E00B79AB5 /* Debug */,
				D67E15112CBEFE5E00B79AB5 /* Release */,
			);
			defaultConfigurationIsVisible = 0;
			defaultConfigurationName = Release;
		};
		D67E15142CBEFE5E00B79AB5 /* Build configuration list for PBXNativeTarget "iOS_AvanzadoTests" */ = {
			isa = XCConfigurationList;
			buildConfigurations = (
				D67E15152CBEFE5E00B79AB5 /* Debug */,
				D67E15162CBEFE5E00B79AB5 /* Release */,
			);
			defaultConfigurationIsVisible = 0;
			defaultConfigurationName = Release;
		};
		D67E15172CBEFE5E00B79AB5 /* Build configuration list for PBXNativeTarget "iOS_AvanzadoUITests" */ = {
			isa = XCConfigurationList;
			buildConfigurations = (
				D67E15182CBEFE5E00B79AB5 /* Debug */,
				D67E15192CBEFE5E00B79AB5 /* Release */,
			);
			defaultConfigurationIsVisible = 0;
			defaultConfigurationName = Release;
		};
/* End XCConfigurationList section */

/* Begin XCRemoteSwiftPackageReference section */
		D67E15C32CC92F0000B79AB5 /* XCRemoteSwiftPackageReference "keychain-swift" */ = {
			isa = XCRemoteSwiftPackageReference;
			repositoryURL = "https://github.com/evgenyneu/keychain-swift.git";
			requirement = {
				kind = upToNextMajorVersion;
				minimumVersion = 24.0.0;
			};
		};
/* End XCRemoteSwiftPackageReference section */

/* Begin XCSwiftPackageProductDependency section */
		D67E15C42CC92F0000B79AB5 /* KeychainSwift */ = {
			isa = XCSwiftPackageProductDependency;
			package = D67E15C32CC92F0000B79AB5 /* XCRemoteSwiftPackageReference "keychain-swift" */;
			productName = KeychainSwift;
		};
/* End XCSwiftPackageProductDependency section */
	};
	rootObject = D67E14DE2CBEFE5D00B79AB5 /* Project object */;
}
